
Microsoft Visual Studio Solution File, Format Version 12.00
# Visual Studio 14
VisualStudioVersion = 14.0.23107.0
MinimumVisualStudioVersion = 10.0.40219.1
Project("{FAE04EC0-301F-11D3-BF4B-00C04F79EFBC}") = "Pet.Services", "PetServices\Pet.Services.csproj", "{0FCB9C88-E9A9-45CB-BDB3-AB165C380D8F}"
EndProject
Project("{FAE04EC0-301F-11D3-BF4B-00C04F79EFBC}") = "Pet.Model", "Pet.Model\Pet.Model.csproj", "{C265F821-5DB1-4BA9-AD9C-C1062137419D}"
EndProject
Project("{FAE04EC0-301F-11D3-BF4B-00C04F79EFBC}") = "Pet.Web", "Pet.Web\Pet.Web.csproj", "{5228D8F8-3CE7-4DE4-9B3D-1899F1ACA2FB}"
EndProject
Project("{FAE04EC0-301F-11D3-BF4B-00C04F79EFBC}") = "Pet.ServicesTests", "Pet.ServicesTests\Pet.ServicesTests.csproj", "{2B927CA4-ED94-41E6-B404-B851A08C7F30}"
EndProject
Project("{FAE04EC0-301F-11D3-BF4B-00C04F79EFBC}") = "Common", "Common\Common.csproj", "{746359E8-2B7D-4FC5-ABC6-A30632A6556A}"
EndProject
Global
	GlobalSection(SolutionConfigurationPlatforms) = preSolution
		Debug|Any CPU = Debug|Any CPU
		Release|Any CPU = Release|Any CPU
	EndGlobalSection
	GlobalSection(ProjectConfigurationPlatforms) = postSolution
		{0FCB9C88-E9A9-45CB-BDB3-AB165C380D8F}.Debug|Any CPU.ActiveCfg = Debug|Any CPU
		{0FCB9C88-E9A9-45CB-BDB3-AB165C380D8F}.Debug|Any CPU.Build.0 = Debug|Any CPU
		{0FCB9C88-E9A9-45CB-BDB3-AB165C380D8F}.Release|Any CPU.ActiveCfg = Release|Any CPU
		{0FCB9C88-E9A9-45CB-BDB3-AB165C380D8F}.Release|Any CPU.Build.0 = Release|Any CPU
		{C265F821-5DB1-4BA9-AD9C-C1062137419D}.Debug|Any CPU.ActiveCfg = Debug|Any CPU
		{C265F821-5DB1-4BA9-AD9C-C1062137419D}.Debug|Any CPU.Build.0 = Debug|Any CPU
		{C265F821-5DB1-4BA9-AD9C-C1062137419D}.Release|Any CPU.ActiveCfg = Release|Any CPU
		{C265F821-5DB1-4BA9-AD9C-C1062137419D}.Release|Any CPU.Build.0 = Release|Any CPU
		{5228D8F8-3CE7-4DE4-9B3D-1899F1ACA2FB}.Debug|Any CPU.ActiveCfg = Debug|Any CPU
		{5228D8F8-3CE7-4DE4-9B3D-1899F1ACA2FB}.Debug|Any CPU.Build.0 = Debug|Any CPU
		{5228D8F8-3CE7-4DE4-9B3D-1899F1ACA2FB}.Release|Any CPU.ActiveCfg = Release|Any CPU
		{5228D8F8-3CE7-4DE4-9B3D-1899F1ACA2FB}.Release|Any CPU.Build.0 = Release|Any CPU
		{2B927CA4-ED94-41E6-B404-B851A08C7F30}.Debug|Any CPU.ActiveCfg = Debug|Any CPU
		{2B927CA4-ED94-41E6-B404-B851A08C7F30}.Debug|Any CPU.Build.0 = Debug|Any CPU
		{2B927CA4-ED94-41E6-B404-B851A08C7F30}.Release|Any CPU.ActiveCfg = Release|Any CPU
		{2B927CA4-ED94-41E6-B404-B851A08C7F30}.Release|Any CPU.Build.0 = Release|Any CPU
		{746359E8-2B7D-4FC5-ABC6-A30632A6556A}.Debug|Any CPU.ActiveCfg = Debug|Any CPU
		{746359E8-2B7D-4FC5-ABC6-A30632A6556A}.Debug|Any CPU.Build.0 = Debug|Any CPU
		{746359E8-2B7D-4FC5-ABC6-A30632A6556A}.Release|Any CPU.ActiveCfg = Release|Any CPU
		{746359E8-2B7D-4FC5-ABC6-A30632A6556A}.Release|Any CPU.Build.0 = Release|Any CPU
	EndGlobalSection
	GlobalSection(SolutionProperties) = preSolution
		HideSolutionNode = FALSE
	EndGlobalSection
EndGlobal
